
Microsoft Visual Studio Solution File, Format Version 12.00
# Visual Studio 15
VisualStudioVersion = 15.0.27703.2035
MinimumVisualStudioVersion = 10.0.40219.1
Project("{FAE04EC0-301F-11D3-BF4B-00C04F79EFBC}") = "MVCCrud", "MVCCrud\MVCCrud.csproj", "{C92B85DA-5C9F-4B14-93CD-7BA4EA780F7F}"
EndProject
Global
	GlobalSection(SolutionConfigurationPlatforms) = preSolution
		Debug|Any CPU = Debug|Any CPU
		Release|Any CPU = Release|Any CPU
	EndGlobalSection
	GlobalSection(ProjectConfigurationPlatforms) = postSolution
		{C92B85DA-5C9F-4B14-93CD-7BA4EA780F7F}.Debug|Any CPU.ActiveCfg = Debug|Any CPU
		{C92B85DA-5C9F-4B14-93CD-7BA4EA780F7F}.Debug|Any CPU.Build.0 = Debug|Any CPU
		{C92B85DA-5C9F-4B14-93CD-7BA4EA780F7F}.Release|Any CPU.ActiveCfg = Release|Any CPU
		{C92B85DA-5C9F-4B14-93CD-7BA4EA780F7F}.Release|Any CPU.Build.0 = Release|Any CPU
	EndGlobalSection
	GlobalSection(SolutionProperties) = preSolution
		HideSolutionNode = FALSE
	EndGlobalSection
	GlobalSection(ExtensibilityGlobals) = postSolution
		SolutionGuid = {CD45BEAB-3D35-4E0D-A8E5-18837E8C3D20}
	EndGlobalSection
EndGlobal
